
Microsoft Visual Studio Solution File, Format Version 12.00
# Visual Studio 2013
VisualStudioVersion = 12.0.21005.1
MinimumVisualStudioVersion = 10.0.40219.1
Project("{FAE04EC0-301F-11D3-BF4B-00C04F79EFBC}") = "PHEDServe", "PHEDServe.csproj", "{1702EFA9-5B26-4BC1-9888-7A10D52839FF}"
EndProject
Project("{FAE04EC0-301F-11D3-BF4B-00C04F79EFBC}") = "RCDCService", "..\RCDCService\RCDCService.csproj", "{80CFE625-A181-4E13-A675-335B57368AEA}"
EndProject
Project("{FAE04EC0-301F-11D3-BF4B-00C04F79EFBC}") = "ReconnectionService", "ReconnectionService\ReconnectionService.csproj", "{F414ED8E-F8E4-4AF6-9345-FC2AE3D235FF}"
EndProject
Global
	GlobalSection(SolutionConfigurationPlatforms) = preSolution
		Debug|Any CPU = Debug|Any CPU
		Release|Any CPU = Release|Any CPU
	EndGlobalSection
	GlobalSection(ProjectConfigurationPlatforms) = postSolution
		{1702EFA9-5B26-4BC1-9888-7A10D52839FF}.Debug|Any CPU.ActiveCfg = Debug|Any CPU
		{1702EFA9-5B26-4BC1-9888-7A10D52839FF}.Debug|Any CPU.Build.0 = Debug|Any CPU
		{1702EFA9-5B26-4BC1-9888-7A10D52839FF}.Release|Any CPU.ActiveCfg = Release|Any CPU
		{1702EFA9-5B26-4BC1-9888-7A10D52839FF}.Release|Any CPU.Build.0 = Release|Any CPU
		{80CFE625-A181-4E13-A675-335B57368AEA}.Debug|Any CPU.ActiveCfg = Debug|Any CPU
		{80CFE625-A181-4E13-A675-335B57368AEA}.Debug|Any CPU.Build.0 = Debug|Any CPU
		{80CFE625-A181-4E13-A675-335B57368AEA}.Release|Any CPU.ActiveCfg = Release|Any CPU
		{80CFE625-A181-4E13-A675-335B57368AEA}.Release|Any CPU.Build.0 = Release|Any CPU
		{F414ED8E-F8E4-4AF6-9345-FC2AE3D235FF}.Debug|Any CPU.ActiveCfg = Debug|Any CPU
		{F414ED8E-F8E4-4AF6-9345-FC2AE3D235FF}.Debug|Any CPU.Build.0 = Debug|Any CPU
		{F414ED8E-F8E4-4AF6-9345-FC2AE3D235FF}.Release|Any CPU.ActiveCfg = Release|Any CPU
		{F414ED8E-F8E4-4AF6-9345-FC2AE3D235FF}.Release|Any CPU.Build.0 = Release|Any CPU
	EndGlobalSection
	GlobalSection(SolutionProperties) = preSolution
		HideSolutionNode = FALSE
	EndGlobalSection
EndGlobal
